
Microsoft Visual Studio Solution File, Format Version 12.00
# Visual Studio 14
VisualStudioVersion = 14.0.25420.1
MinimumVisualStudioVersion = 10.0.40219.1
Project("{FAE04EC0-301F-11D3-BF4B-00C04F79EFBC}") = "WindowsFormsApplication1", "WindowsFormsApplication1\WindowsFormsApplication1.csproj", "{6D161D4C-3013-430E-96E5-27D748255390}"
EndProject
Project("{FAE04EC0-301F-11D3-BF4B-00C04F79EFBC}") = "WindowsFormsApplication2", "WindowsFormsApplication2\WindowsFormsApplication2.csproj", "{01901910-AA59-4A97-AE27-2A4F5F26F028}"
EndProject
Project("{FAE04EC0-301F-11D3-BF4B-00C04F79EFBC}") = "WindowsFormsApplication3", "WindowsFormsApplication3\WindowsFormsApplication3.csproj", "{6048BF3B-503A-41C6-BA04-5EECF393CF2C}"
EndProject
Project("{FAE04EC0-301F-11D3-BF4B-00C04F79EFBC}") = "WindowsFormsApplication4", "WindowsFormsApplication4\WindowsFormsApplication4.csproj", "{F0F7646A-356B-468D-B076-7F1C2A4C252C}"
EndProject
Project("{FAE04EC0-301F-11D3-BF4B-00C04F79EFBC}") = "StuManager", "StuManager\StuManager.csproj", "{FF99803A-DAF1-4C69-8C49-0E87984FE80E}"
EndProject
Project("{FAE04EC0-301F-11D3-BF4B-00C04F79EFBC}") = "图片框", "图片框\图片框.csproj", "{144CD302-DBDC-44CB-B914-31A7FDEEE36B}"
EndProject
Project("{FAE04EC0-301F-11D3-BF4B-00C04F79EFBC}") = "定时器", "定时器\定时器.csproj", "{4585B0FA-F25A-45C9-A628-46DB43E6D969}"
EndProject
Project("{FAE04EC0-301F-11D3-BF4B-00C04F79EFBC}") = "计算器", "计算器\计算器.csproj", "{5AED98AE-9CD8-4A8F-9C3C-32F892A849DC}"
EndProject
Global
	GlobalSection(SolutionConfigurationPlatforms) = preSolution
		Debug|Any CPU = Debug|Any CPU
		Release|Any CPU = Release|Any CPU
	EndGlobalSection
	GlobalSection(ProjectConfigurationPlatforms) = postSolution
		{6D161D4C-3013-430E-96E5-27D748255390}.Debug|Any CPU.ActiveCfg = Debug|Any CPU
		{6D161D4C-3013-430E-96E5-27D748255390}.Debug|Any CPU.Build.0 = Debug|Any CPU
		{6D161D4C-3013-430E-96E5-27D748255390}.Release|Any CPU.ActiveCfg = Release|Any CPU
		{6D161D4C-3013-430E-96E5-27D748255390}.Release|Any CPU.Build.0 = Release|Any CPU
		{01901910-AA59-4A97-AE27-2A4F5F26F028}.Debug|Any CPU.ActiveCfg = Debug|Any CPU
		{01901910-AA59-4A97-AE27-2A4F5F26F028}.Debug|Any CPU.Build.0 = Debug|Any CPU
		{01901910-AA59-4A97-AE27-2A4F5F26F028}.Release|Any CPU.ActiveCfg = Release|Any CPU
		{01901910-AA59-4A97-AE27-2A4F5F26F028}.Release|Any CPU.Build.0 = Release|Any CPU
		{6048BF3B-503A-41C6-BA04-5EECF393CF2C}.Debug|Any CPU.ActiveCfg = Debug|Any CPU
		{6048BF3B-503A-41C6-BA04-5EECF393CF2C}.Debug|Any CPU.Build.0 = Debug|Any CPU
		{6048BF3B-503A-41C6-BA04-5EECF393CF2C}.Release|Any CPU.ActiveCfg = Release|Any CPU
		{6048BF3B-503A-41C6-BA04-5EECF393CF2C}.Release|Any CPU.Build.0 = Release|Any CPU
		{F0F7646A-356B-468D-B076-7F1C2A4C252C}.Debug|Any CPU.ActiveCfg = Debug|Any CPU
		{F0F7646A-356B-468D-B076-7F1C2A4C252C}.Debug|Any CPU.Build.0 = Debug|Any CPU
		{F0F7646A-356B-468D-B076-7F1C2A4C252C}.Release|Any CPU.ActiveCfg = Release|Any CPU
		{F0F7646A-356B-468D-B076-7F1C2A4C252C}.Release|Any CPU.Build.0 = Release|Any CPU
		{FF99803A-DAF1-4C69-8C49-0E87984FE80E}.Debug|Any CPU.ActiveCfg = Debug|Any CPU
		{FF99803A-DAF1-4C69-8C49-0E87984FE80E}.Debug|Any CPU.Build.0 = Debug|Any CPU
		{FF99803A-DAF1-4C69-8C49-0E87984FE80E}.Release|Any CPU.ActiveCfg = Release|Any CPU
		{FF99803A-DAF1-4C69-8C49-0E87984FE80E}.Release|Any CPU.Build.0 = Release|Any CPU
		{144CD302-DBDC-44CB-B914-31A7FDEEE36B}.Debug|Any CPU.ActiveCfg = Debug|Any CPU
		{144CD302-DBDC-44CB-B914-31A7FDEEE36B}.Debug|Any CPU.Build.0 = Debug|Any CPU
		{144CD302-DBDC-44CB-B914-31A7FDEEE36B}.Release|Any CPU.ActiveCfg = Release|Any CPU
		{144CD302-DBDC-44CB-B914-31A7FDEEE36B}.Release|Any CPU.Build.0 = Release|Any CPU
		{4585B0FA-F25A-45C9-A628-46DB43E6D969}.Debug|Any CPU.ActiveCfg = Debug|Any CPU
		{4585B0FA-F25A-45C9-A628-46DB43E6D969}.Debug|Any CPU.Build.0 = Debug|Any CPU
		{4585B0FA-F25A-45C9-A628-46DB43E6D969}.Release|Any CPU.ActiveCfg = Release|Any CPU
		{4585B0FA-F25A-45C9-A628-46DB43E6D969}.Release|Any CPU.Build.0 = Release|Any CPU
		{5AED98AE-9CD8-4A8F-9C3C-32F892A849DC}.Debug|Any CPU.ActiveCfg = Debug|Any CPU
		{5AED98AE-9CD8-4A8F-9C3C-32F892A849DC}.Debug|Any CPU.Build.0 = Debug|Any CPU
		{5AED98AE-9CD8-4A8F-9C3C-32F892A849DC}.Release|Any CPU.ActiveCfg = Release|Any CPU
		{5AED98AE-9CD8-4A8F-9C3C-32F892A849DC}.Release|Any CPU.Build.0 = Release|Any CPU
	EndGlobalSection
	GlobalSection(SolutionProperties) = preSolution
		HideSolutionNode = FALSE
	EndGlobalSection
EndGlobal
